{
  "nodes": {
    "aurora-blog-template": {
      "inputs": {
        "nixpkgs": [
          "nixpkgs"
        ]
      },
      "locked": {
        "lastModified": 1695474974,
        "narHash": "sha256-qdHgNqx/IrRIwOvPq2hS5YRgkGsOitvJg5ApGpsAVC8=",
        "owner": "thiloho",
        "repo": "aurora",
        "rev": "94225228778bc25fe8ee9a65831cb4b7845b482c",
        "type": "github"
      },
      "original": {
        "owner": "thiloho",
        "repo": "aurora",
        "type": "github"
      }
    },
    "denbot": {
      "inputs": {
        "nixpkgs": [
          "nixpkgs"
        ]
      },
      "locked": {
        "lastModified": 1695497123,
        "narHash": "sha256-i9pQ86ZFgLBVukuR76Nz5LyoVe2j4xOzjhv9B4B/3Ew=",
        "owner": "thiloho",
        "repo": "discord-bot",
        "rev": "f4f6e5c9180fff6cd41715cd6c2192f4228ea91d",
        "type": "github"
      },
      "original": {
        "owner": "thiloho",
        "repo": "discord-bot",
        "type": "github"
      }
    },
    "home-manager": {
      "inputs": {
        "nixpkgs": [
          "nixpkgs"
        ]
      },
      "locked": {
        "lastModified": 1696063111,
        "narHash": "sha256-F2IJEbyH3xG0eqyAYn9JoV+niqNz+xb4HICYNkkviNI=",
        "owner": "nix-community",
        "repo": "home-manager",
        "rev": "ae896c810f501bf0c3a2fd7fc2de094dd0addf01",
        "type": "github"
      },
      "original": {
        "owner": "nix-community",
        "repo": "home-manager",
        "type": "github"
      }
    },
    "nixos-hardware": {
      "locked": {
        "lastModified": 1695887975,
        "narHash": "sha256-u3+5FR12dI305jCMb0fJNQx2qwoQ54lv1tPoEWp0hmg=",
        "owner": "NixOS",
        "repo": "nixos-hardware",
        "rev": "adcfd6aa860d1d129055039696bc457af7d50d0e",
        "type": "github"
      },
      "original": {
        "owner": "NixOS",
        "ref": "master",
        "repo": "nixos-hardware",
        "type": "github"
      }
    },
    "nixpkgs": {
      "locked": {
        "lastModified": 1695830400,
        "narHash": "sha256-gToZXQVr0G/1WriO83olnqrLSHF2Jb8BPcmCt497ro0=",
        "owner": "nixos",
        "repo": "nixpkgs",
        "rev": "8a86b98f0ba1c405358f1b71ff8b5e1d317f5db2",
        "type": "github"
      },
      "original": {
        "owner": "nixos",
        "ref": "nixos-unstable",
        "repo": "nixpkgs",
        "type": "github"
      }
    },
    "root": {
      "inputs": {
        "aurora-blog-template": "aurora-blog-template",
        "denbot": "denbot",
        "home-manager": "home-manager",
        "nixos-hardware": "nixos-hardware",
        "nixpkgs": "nixpkgs",
        "website": "website"
      }
    },
    "website": {
      "flake": false,
      "locked": {
        "lastModified": 1697310662,
        "narHash": "sha256-VN7GvuMKaHBTqJy26Yj7OtbpfLdqfRkDsKcMnMCb3h8=",
        "owner": "thiloho",
        "repo": "website",
        "rev": "5832986ba68b045f9a7c131e75387eebebc1705b",
        "type": "github"
      },
      "original": {
        "owner": "thiloho",
        "repo": "website",
        "type": "github"
      }
    }
  },
  "root": "root",
  "version": 7
}
