{
  "nodes": {
    "aurora-blog-template": {
      "inputs": {
        "nixpkgs": "nixpkgs"
      },
      "locked": {
        "lastModified": 1690930768,
        "narHash": "sha256-dHHYiRahobAfXXOWNCOjyw8iNucv0HLEZtOcujnaKys=",
        "owner": "thiloho",
        "repo": "aurora",
        "rev": "a7a157080523539fe5ed95a67e1951aa485e5885",
        "type": "github"
      },
      "original": {
        "owner": "thiloho",
        "repo": "aurora",
        "type": "github"
      }
    },
    "home-manager": {
      "inputs": {
        "nixpkgs": [
          "nixpkgs"
        ]
      },
      "locked": {
        "lastModified": 1692260837,
        "narHash": "sha256-2FpkX1zl+7ni7djK7NeE1ZGupRUwZgjW+RPCSBgDf4k=",
        "owner": "nix-community",
        "repo": "home-manager",
        "rev": "6a94c1a59737783c282c4031555a289c28b961e4",
        "type": "github"
      },
      "original": {
        "owner": "nix-community",
        "repo": "home-manager",
        "type": "github"
      }
    },
    "nixpkgs": {
      "locked": {
        "lastModified": 1684787197,
        "narHash": "sha256-tvGDj3zgpW5NGoVKvoTQvkhfFPDgkbzfX+zFUW8NeHw=",
        "owner": "NixOS",
        "repo": "nixpkgs",
        "rev": "e2614d8ebcdf9a9eae0efe074f4d745d28595886",
        "type": "github"
      },
      "original": {
        "owner": "NixOS",
        "repo": "nixpkgs",
        "type": "github"
      }
    },
    "nixpkgs_2": {
      "locked": {
        "lastModified": 1692174805,
        "narHash": "sha256-xmNPFDi/AUMIxwgOH/IVom55Dks34u1g7sFKKebxUm0=",
        "owner": "nixos",
        "repo": "nixpkgs",
        "rev": "caac0eb6bdcad0b32cb2522e03e4002c8975c62e",
        "type": "github"
      },
      "original": {
        "owner": "nixos",
        "ref": "nixos-unstable",
        "repo": "nixpkgs",
        "type": "github"
      }
    },
    "root": {
      "inputs": {
        "aurora-blog-template": "aurora-blog-template",
        "home-manager": "home-manager",
        "nixpkgs": "nixpkgs_2",
        "website": "website"
      }
    },
    "website": {
      "flake": false,
      "locked": {
        "lastModified": 1692298405,
        "narHash": "sha256-LhBchuvoeRMnWxJaP0T03FhzODPzBOK92w/KwcZtSYc=",
        "owner": "thiloho",
        "repo": "website",
        "rev": "25346de32ae7a4c740e67acba2c99d46d004ed18",
        "type": "github"
      },
      "original": {
        "owner": "thiloho",
        "repo": "website",
        "type": "github"
      }
    }
  },
  "root": "root",
  "version": 7
}
